
Microsoft Visual Studio Solution File, Format Version 12.00
# Visual Studio Version 16
VisualStudioVersion = 16.0.30114.105
MinimumVisualStudioVersion = 10.0.40219.1
Project("{8BC9CEB8-8B4A-11D0-8D11-00A0C91BC942}") = "GLTest10", "GLTest10\GLTest10.vcxproj", "{A2680606-C413-40D7-8473-92B86CCABC5D}"
EndProject
Project("{8BC9CEB8-8B4A-11D0-8D11-00A0C91BC942}") = "GLTest11", "GLTest11\GLTest11.vcxproj", "{C5F8EBA5-441F-4CB6-AD07-05052588EF5D}"
EndProject
Global
	GlobalSection(SolutionConfigurationPlatforms) = preSolution
		Debug|x64 = Debug|x64
		Debug|x86 = Debug|x86
		Release|x64 = Release|x64
		Release|x86 = Release|x86
	EndGlobalSection
	GlobalSection(ProjectConfigurationPlatforms) = postSolution
		{A2680606-C413-40D7-8473-92B86CCABC5D}.Debug|x64.ActiveCfg = Debug|x64
		{A2680606-C413-40D7-8473-92B86CCABC5D}.Debug|x64.Build.0 = Debug|x64
		{A2680606-C413-40D7-8473-92B86CCABC5D}.Debug|x86.ActiveCfg = Debug|Win32
		{A2680606-C413-40D7-8473-92B86CCABC5D}.Debug|x86.Build.0 = Debug|Win32
		{A2680606-C413-40D7-8473-92B86CCABC5D}.Release|x64.ActiveCfg = Release|x64
		{A2680606-C413-40D7-8473-92B86CCABC5D}.Release|x64.Build.0 = Release|x64
		{A2680606-C413-40D7-8473-92B86CCABC5D}.Release|x86.ActiveCfg = Release|Win32
		{A2680606-C413-40D7-8473-92B86CCABC5D}.Release|x86.Build.0 = Release|Win32
		{C5F8EBA5-441F-4CB6-AD07-05052588EF5D}.Debug|x64.ActiveCfg = Debug|x64
		{C5F8EBA5-441F-4CB6-AD07-05052588EF5D}.Debug|x64.Build.0 = Debug|x64
		{C5F8EBA5-441F-4CB6-AD07-05052588EF5D}.Debug|x86.ActiveCfg = Debug|Win32
		{C5F8EBA5-441F-4CB6-AD07-05052588EF5D}.Debug|x86.Build.0 = Debug|Win32
		{C5F8EBA5-441F-4CB6-AD07-05052588EF5D}.Release|x64.ActiveCfg = Release|x64
		{C5F8EBA5-441F-4CB6-AD07-05052588EF5D}.Release|x64.Build.0 = Release|x64
		{C5F8EBA5-441F-4CB6-AD07-05052588EF5D}.Release|x86.ActiveCfg = Release|Win32
		{C5F8EBA5-441F-4CB6-AD07-05052588EF5D}.Release|x86.Build.0 = Release|Win32
	EndGlobalSection
	GlobalSection(SolutionProperties) = preSolution
		HideSolutionNode = FALSE
	EndGlobalSection
	GlobalSection(ExtensibilityGlobals) = postSolution
		SolutionGuid = {4D24EEF7-66B4-4EA4-BEFD-66DB6A4CB2FF}
	EndGlobalSection
EndGlobal
